
Microsoft Visual Studio Solution File, Format Version 12.00
# Visual Studio Version 17
VisualStudioVersion = 17.11.35303.130
MinimumVisualStudioVersion = 10.0.40219.1
Project("{FAE04EC0-301F-11D3-BF4B-00C04F79EFBC}") = "WebAppEF", "WebAppEF.csproj", "{3E1B4BD0-B2C6-4E9F-A6E0-7226F1A393F7}"
EndProject
Global
	GlobalSection(SolutionConfigurationPlatforms) = preSolution
		Debug|Any CPU = Debug|Any CPU
		Release|Any CPU = Release|Any CPU
	EndGlobalSection
	GlobalSection(ProjectConfigurationPlatforms) = postSolution
		{3E1B4BD0-B2C6-4E9F-A6E0-7226F1A393F7}.Debug|Any CPU.ActiveCfg = Debug|Any CPU
		{3E1B4BD0-B2C6-4E9F-A6E0-7226F1A393F7}.Debug|Any CPU.Build.0 = Debug|Any CPU
		{3E1B4BD0-B2C6-4E9F-A6E0-7226F1A393F7}.Release|Any CPU.ActiveCfg = Release|Any CPU
		{3E1B4BD0-B2C6-4E9F-A6E0-7226F1A393F7}.Release|Any CPU.Build.0 = Release|Any CPU
	EndGlobalSection
	GlobalSection(SolutionProperties) = preSolution
		HideSolutionNode = FALSE
	EndGlobalSection
	GlobalSection(ExtensibilityGlobals) = postSolution
		SolutionGuid = {5BD75400-268A-43B4-AE60-38A58959F44C}
	EndGlobalSection
EndGlobal
